{
  "object": {
    "pins": [
      {
        "package": "TinyNetworking",
        "repositoryURL": "https://github.com/markmals/tiny-networking",
        "state": {
          "branch": "master",
          "revision": "9b741f1caba4a622afe7032e6dc2c3b1c9eeb12c",
          "version": null
        }
      }
    ]
  },
  "version": 1
}
